github.com/isangeles/burn v0.0.0-20230222193005-181d4b8bcd34 h1:WIb5oGj77SGbOs4goki0HYvv1MWvYb8HTLRWl/+D45g=
github.com/isangeles/burn v0.0.0-20230222193005-181d4b8bcd34/go.mod h1:YmMekC0yOk7Tmrwaw2dbMywB6RmcKgB2V4gMhqVBt5U=
github.com/isangeles/fire v0.0.0-20230127182407-24a6c20b8955 h1:Lhng4ec7MM/ajpMnjjHf/u8ak6NO7KnmLXmaNFnmnqU=
github.com/isangeles/fire v0.0.0-20230127182407-24a6c20b8955/go.mod h1:4RR6/3llTFV7Goh7lRak+F8MeD8MZixHyaEfaRxG04g=
github.com/isangeles/flame v0.0.0-20230208222648-12f4e12aec91 h1:CpppwiR+V808Fyf428EAooosW4EIZcBjU/1eA3TElC8=
github.com/isangeles/flame v0.0.0-20230208222648-12f4e12aec91/go.mod h1:SnqHiRyVIg6hdDObByPdi8C8Fy2TdF5F0bbYQ9/PWLs=
github.com/isangeles/ignite v0.0.0-20230120160036-7c68e72d377d h1:XdWvNr1atpK/p8xZNhTm6uMtjpVOUVNiDFWlaAVWPBo=
github.com/isangeles/ignite v0.0.0-20230120160036-7c68e72d377d/go.mod h1:/hLYaruXk5nhYLq2BG0TfgHuoy2sdjpCeQU4kPhKn/A=
